
Microsoft Visual Studio Solution File, Format Version 12.00
# Visual Studio Version 17
VisualStudioVersion = 17.3.32825.248
MinimumVisualStudioVersion = 10.0.40219.1
Project("{FAE04EC0-301F-11D3-BF4B-00C04F79EFBC}") = "EnfoKodProv", "EnfoKodProv\EnfoKodProv.csproj", "{A9384DFE-8935-42A4-BF68-D371AF50AF74}"
EndProject
Global
	GlobalSection(SolutionConfigurationPlatforms) = preSolution
		Debug|Any CPU = Debug|Any CPU
		Release|Any CPU = Release|Any CPU
	EndGlobalSection
	GlobalSection(ProjectConfigurationPlatforms) = postSolution
		{A9384DFE-8935-42A4-BF68-D371AF50AF74}.Debug|Any CPU.ActiveCfg = Debug|Any CPU
		{A9384DFE-8935-42A4-BF68-D371AF50AF74}.Debug|Any CPU.Build.0 = Debug|Any CPU
		{A9384DFE-8935-42A4-BF68-D371AF50AF74}.Release|Any CPU.ActiveCfg = Release|Any CPU
		{A9384DFE-8935-42A4-BF68-D371AF50AF74}.Release|Any CPU.Build.0 = Release|Any CPU
	EndGlobalSection
	GlobalSection(SolutionProperties) = preSolution
		HideSolutionNode = FALSE
	EndGlobalSection
	GlobalSection(ExtensibilityGlobals) = postSolution
		SolutionGuid = {DFE0017E-47AC-452D-993D-EFEC5BE3BD24}
	EndGlobalSection
EndGlobal
